
Microsoft Visual Studio Solution File, Format Version 12.00
# Visual Studio Version 16
VisualStudioVersion = 16.0.29613.14
MinimumVisualStudioVersion = 10.0.40219.1
Project("{9A19103F-16F7-4668-BE54-9A1E7A4F7556}") = "PizzaBoxWebsite", "PizzaBoxWebsite\PizzaBoxWebsite.csproj", "{30C9AF6B-617B-4B0C-8B0A-8212B4153BB5}"
EndProject
Project("{9A19103F-16F7-4668-BE54-9A1E7A4F7556}") = "PizzaBox.Testing", "PizzaBox.Testing\PizzaBox.Testing.csproj", "{98BB776A-8E36-4586-9E9E-2457B3E5F173}"
EndProject
Project("{9A19103F-16F7-4668-BE54-9A1E7A4F7556}") = "PizzaBox.Domain", "PizzaBox.Domain\PizzaBox.Domain.csproj", "{1798BBDF-BAD0-4E99-AB5E-4FC9C496715F}"
EndProject
Project("{9A19103F-16F7-4668-BE54-9A1E7A4F7556}") = "PizzaBox.Storing", "PizzaBox.Storing\PizzaBox.Storing.csproj", "{837B8101-6D13-40C5-8C80-7516FCD47745}"
EndProject
Global
	GlobalSection(SolutionConfigurationPlatforms) = preSolution
		Debug|Any CPU = Debug|Any CPU
		Release|Any CPU = Release|Any CPU
	EndGlobalSection
	GlobalSection(ProjectConfigurationPlatforms) = postSolution
		{30C9AF6B-617B-4B0C-8B0A-8212B4153BB5}.Debug|Any CPU.ActiveCfg = Debug|Any CPU
		{30C9AF6B-617B-4B0C-8B0A-8212B4153BB5}.Debug|Any CPU.Build.0 = Debug|Any CPU
		{30C9AF6B-617B-4B0C-8B0A-8212B4153BB5}.Release|Any CPU.ActiveCfg = Release|Any CPU
		{30C9AF6B-617B-4B0C-8B0A-8212B4153BB5}.Release|Any CPU.Build.0 = Release|Any CPU
		{98BB776A-8E36-4586-9E9E-2457B3E5F173}.Debug|Any CPU.ActiveCfg = Debug|Any CPU
		{98BB776A-8E36-4586-9E9E-2457B3E5F173}.Debug|Any CPU.Build.0 = Debug|Any CPU
		{98BB776A-8E36-4586-9E9E-2457B3E5F173}.Release|Any CPU.ActiveCfg = Release|Any CPU
		{98BB776A-8E36-4586-9E9E-2457B3E5F173}.Release|Any CPU.Build.0 = Release|Any CPU
		{1798BBDF-BAD0-4E99-AB5E-4FC9C496715F}.Debug|Any CPU.ActiveCfg = Debug|Any CPU
		{1798BBDF-BAD0-4E99-AB5E-4FC9C496715F}.Debug|Any CPU.Build.0 = Debug|Any CPU
		{1798BBDF-BAD0-4E99-AB5E-4FC9C496715F}.Release|Any CPU.ActiveCfg = Release|Any CPU
		{1798BBDF-BAD0-4E99-AB5E-4FC9C496715F}.Release|Any CPU.Build.0 = Release|Any CPU
		{837B8101-6D13-40C5-8C80-7516FCD47745}.Debug|Any CPU.ActiveCfg = Debug|Any CPU
		{837B8101-6D13-40C5-8C80-7516FCD47745}.Debug|Any CPU.Build.0 = Debug|Any CPU
		{837B8101-6D13-40C5-8C80-7516FCD47745}.Release|Any CPU.ActiveCfg = Release|Any CPU
		{837B8101-6D13-40C5-8C80-7516FCD47745}.Release|Any CPU.Build.0 = Release|Any CPU
	EndGlobalSection
	GlobalSection(SolutionProperties) = preSolution
		HideSolutionNode = FALSE
	EndGlobalSection
	GlobalSection(ExtensibilityGlobals) = postSolution
		SolutionGuid = {5BAB705D-0A79-4F5A-AEE4-80439DE54B2D}
	EndGlobalSection
EndGlobal
